
Microsoft Visual Studio Solution File, Format Version 12.00
# Visual Studio Version 17
VisualStudioVersion = 17.9.34622.214
MinimumVisualStudioVersion = 10.0.40219.1
Project("{8BC9CEB8-8B4A-11D0-8D11-00A0C91BC942}") = "ASD Lab№3.2", "ASD Lab№3.2\ASD Lab№3.2.vcxproj", "{C524ABC7-793A-4245-B194-40C7DE1DC589}"
EndProject
Global
	GlobalSection(SolutionConfigurationPlatforms) = preSolution
		Debug|x64 = Debug|x64
		Debug|x86 = Debug|x86
		Release|x64 = Release|x64
		Release|x86 = Release|x86
	EndGlobalSection
	GlobalSection(ProjectConfigurationPlatforms) = postSolution
		{C524ABC7-793A-4245-B194-40C7DE1DC589}.Debug|x64.ActiveCfg = Debug|x64
		{C524ABC7-793A-4245-B194-40C7DE1DC589}.Debug|x64.Build.0 = Debug|x64
		{C524ABC7-793A-4245-B194-40C7DE1DC589}.Debug|x86.ActiveCfg = Debug|Win32
		{C524ABC7-793A-4245-B194-40C7DE1DC589}.Debug|x86.Build.0 = Debug|Win32
		{C524ABC7-793A-4245-B194-40C7DE1DC589}.Release|x64.ActiveCfg = Release|x64
		{C524ABC7-793A-4245-B194-40C7DE1DC589}.Release|x64.Build.0 = Release|x64
		{C524ABC7-793A-4245-B194-40C7DE1DC589}.Release|x86.ActiveCfg = Release|Win32
		{C524ABC7-793A-4245-B194-40C7DE1DC589}.Release|x86.Build.0 = Release|Win32
	EndGlobalSection
	GlobalSection(SolutionProperties) = preSolution
		HideSolutionNode = FALSE
	EndGlobalSection
	GlobalSection(ExtensibilityGlobals) = postSolution
		SolutionGuid = {043C6A34-D9A6-4CE3-BD04-85789C0A7263}
	EndGlobalSection
EndGlobal
